{
  "name": "miniprogram-3",
  "version": "1.0.0",
  "lockfileVersion": 1,
  "requires": true,
  "dependencies": {
    "@vant/weapp": {
      "version": "1.10.3",
      "resolved": "https://registry.npmjs.org/@vant/weapp/-/weapp-1.10.3.tgz",
      "integrity": "sha512-CcG5umI+zlJRN6hQXPeknOenPkVm6WBEgBaB6Y94kOmKLx9NHtHBdURwxuJEA4q4mxhUdOuf6sV7I8tZBnCVxw=="
    },
    "wx-promise-pro": {
      "version": "3.2.4",
      "resolved": "https://registry.npmjs.org/wx-promise-pro/-/wx-promise-pro-3.2.4.tgz",
      "integrity": "sha512-MlMutHEUzMGXwefUt7xusr4UNs6s5/52ZUVjmwe1BBLmwz+4eUDw5jIzoHqwhBBKtagMdrn7V5aHFH8vxgeNiQ=="
    },
    "wx-updata": {
      "version": "0.0.13",
      "resolved": "https://registry.npmjs.org/wx-updata/-/wx-updata-0.0.13.tgz",
      "integrity": "sha512-dRN1wZ+lH/qdKNM16nYmeJ1AS3wiGzh6kvFnnDTBvy4wh+TPOFsh0N7yfmRrWdTTBkC9wxbHY658tvQ1HoL7TQ=="
    }
  }
}
