# THIS IS AN AUTOGENERATED FILE. DO NOT EDIT THIS FILE DIRECTLY.
# yarn lockfile v1


"@vant/weapp@^1.10.3":
  version "1.10.3"
  resolved "https://registry.yarnpkg.com/@vant/weapp/-/weapp-1.10.3.tgz#c2df7437cf5784530835cf764cb7f4923f981e25"
  integrity sha512-CcG5umI+zlJRN6hQXPeknOenPkVm6WBEgBaB6Y94kOmKLx9NHtHBdURwxuJEA4q4mxhUdOuf6sV7I8tZBnCVxw==
